
Microsoft Visual Studio Solution File, Format Version 12.00
# Visual Studio Version 17
VisualStudioVersion = 17.11.35222.181
MinimumVisualStudioVersion = 10.0.40219.1
Project("{FAE04EC0-301F-11D3-BF4B-00C04F79EFBC}") = "MagicVilla_VillaApI", "MagicVilla_VillaApI\MagicVilla_VillaApI.csproj", "{FEFC8C7E-3859-4F32-8C05-584EB7641DF8}"
EndProject
Global
	GlobalSection(SolutionConfigurationPlatforms) = preSolution
		Debug|Any CPU = Debug|Any CPU
		Release|Any CPU = Release|Any CPU
	EndGlobalSection
	GlobalSection(ProjectConfigurationPlatforms) = postSolution
		{FEFC8C7E-3859-4F32-8C05-584EB7641DF8}.Debug|Any CPU.ActiveCfg = Debug|Any CPU
		{FEFC8C7E-3859-4F32-8C05-584EB7641DF8}.Debug|Any CPU.Build.0 = Debug|Any CPU
		{FEFC8C7E-3859-4F32-8C05-584EB7641DF8}.Release|Any CPU.ActiveCfg = Release|Any CPU
		{FEFC8C7E-3859-4F32-8C05-584EB7641DF8}.Release|Any CPU.Build.0 = Release|Any CPU
	EndGlobalSection
	GlobalSection(SolutionProperties) = preSolution
		HideSolutionNode = FALSE
	EndGlobalSection
	GlobalSection(ExtensibilityGlobals) = postSolution
		SolutionGuid = {CB112553-65FE-42DF-AAF0-943F43E4E14E}
	EndGlobalSection
EndGlobal
